Microsoft Visual Studio Solution File, Format Version 12.00
# Visual Studio Version 17
VisualStudioVersion = 17.5.2.0
MinimumVisualStudioVersion = 10.0.40219.1
Project("{FAE04EC0-301F-11D3-BF4B-00C04F79EFBC}") = "OllamaPlayground", "OllamaPlayground.csproj", "{27FFE8B2-2A20-BE33-86EB-3C68566A3ADC}"
EndProject
Global
	GlobalSection(SolutionConfigurationPlatforms) = preSolution
		Debug|Any CPU = Debug|Any CPU
		Release|Any CPU = Release|Any CPU
	EndGlobalSection
	GlobalSection(ProjectConfigurationPlatforms) = postSolution
		{27FFE8B2-2A20-BE33-86EB-3C68566A3ADC}.Debug|Any CPU.ActiveCfg = Debug|Any CPU
		{27FFE8B2-2A20-BE33-86EB-3C68566A3ADC}.Debug|Any CPU.Build.0 = Debug|Any CPU
		{27FFE8B2-2A20-BE33-86EB-3C68566A3ADC}.Release|Any CPU.ActiveCfg = Release|Any CPU
		{27FFE8B2-2A20-BE33-86EB-3C68566A3ADC}.Release|Any CPU.Build.0 = Release|Any CPU
	EndGlobalSection
	GlobalSection(SolutionProperties) = preSolution
		HideSolutionNode = FALSE
	EndGlobalSection
	GlobalSection(ExtensibilityGlobals) = postSolution
		SolutionGuid = {30BBCF23-9BEC-4A6D-9445-C93755FDAAD3}
	EndGlobalSection
EndGlobal
